
Microsoft Visual Studio Solution File, Format Version 12.00
# Visual Studio Version 17
VisualStudioVersion = 17.5.33502.453
MinimumVisualStudioVersion = 10.0.40219.1
Project("{8BC9CEB8-8B4A-11D0-8D11-00A0C91BC942}") = "exercise3_101", "exercise3_101\exercise3_101.vcxproj", "{FF7B9BAE-7EB2-406E-A995-002FFDD18BDF}"
EndProject
Global
	GlobalSection(SolutionConfigurationPlatforms) = preSolution
		Debug|x64 = Debug|x64
		Debug|x86 = Debug|x86
		Release|x64 = Release|x64
		Release|x86 = Release|x86
	EndGlobalSection
	GlobalSection(ProjectConfigurationPlatforms) = postSolution
		{FF7B9BAE-7EB2-406E-A995-002FFDD18BDF}.Debug|x64.ActiveCfg = Debug|x64
		{FF7B9BAE-7EB2-406E-A995-002FFDD18BDF}.Debug|x64.Build.0 = Debug|x64
		{FF7B9BAE-7EB2-406E-A995-002FFDD18BDF}.Debug|x86.ActiveCfg = Debug|Win32
		{FF7B9BAE-7EB2-406E-A995-002FFDD18BDF}.Debug|x86.Build.0 = Debug|Win32
		{FF7B9BAE-7EB2-406E-A995-002FFDD18BDF}.Release|x64.ActiveCfg = Release|x64
		{FF7B9BAE-7EB2-406E-A995-002FFDD18BDF}.Release|x64.Build.0 = Release|x64
		{FF7B9BAE-7EB2-406E-A995-002FFDD18BDF}.Release|x86.ActiveCfg = Release|Win32
		{FF7B9BAE-7EB2-406E-A995-002FFDD18BDF}.Release|x86.Build.0 = Release|Win32
	EndGlobalSection
	GlobalSection(SolutionProperties) = preSolution
		HideSolutionNode = FALSE
	EndGlobalSection
	GlobalSection(ExtensibilityGlobals) = postSolution
		SolutionGuid = {D71B1A70-A76C-43D6-9598-7F369CDCF564}
	EndGlobalSection
EndGlobal
